
Microsoft Visual Studio Solution File, Format Version 12.00
# Visual Studio Version 16
VisualStudioVersion = 16.0.30907.101
MinimumVisualStudioVersion = 10.0.40219.1
Project("{2150E333-8FDC-42A3-9474-1A3956D46DE8}") = "Solution Items", "Solution Items", "{FBA616BC-33DC-4FDF-9B22-5A1589AED792}"
	ProjectSection(SolutionItems) = preProject
		..\README.md = ..\README.md
		..\vulnerability-report.md = ..\vulnerability-report.md
	EndProjectSection
EndProject
Project("{9A19103F-16F7-4668-BE54-9A1E7A4F7556}") = "EcommerceApp", "E-Commerce\EcommerceApp.csproj", "{3289CF61-8BFA-4AE9-8057-B2B7CBAAC8E8}"
EndProject
Global
	GlobalSection(SolutionConfigurationPlatforms) = preSolution
		Debug|Any CPU = Debug|Any CPU
		Release|Any CPU = Release|Any CPU
	EndGlobalSection
	GlobalSection(ProjectConfigurationPlatforms) = postSolution
		{3289CF61-8BFA-4AE9-8057-B2B7CBAAC8E8}.Debug|Any CPU.ActiveCfg = Debug|Any CPU
		{3289CF61-8BFA-4AE9-8057-B2B7CBAAC8E8}.Debug|Any CPU.Build.0 = Debug|Any CPU
		{3289CF61-8BFA-4AE9-8057-B2B7CBAAC8E8}.Release|Any CPU.ActiveCfg = Release|Any CPU
		{3289CF61-8BFA-4AE9-8057-B2B7CBAAC8E8}.Release|Any CPU.Build.0 = Release|Any CPU
	EndGlobalSection
	GlobalSection(SolutionProperties) = preSolution
		HideSolutionNode = FALSE
	EndGlobalSection
	GlobalSection(ExtensibilityGlobals) = postSolution
		SolutionGuid = {E2325274-DE25-4458-9F11-F4EBAFD711EA}
	EndGlobalSection
EndGlobal
